{
  "requires": true,
  "lockfileVersion": 1,
  "dependencies": {
    "cd": {
      "version": "0.3.3",
      "resolved": "https://registry.npmjs.org/cd/-/cd-0.3.3.tgz",
      "integrity": "sha1-EI7LV7/5O5a5EVxUVzz+8wCO+U0="
    },
    "tslint-angular": {
      "version": "3.0.3",
      "resolved": "https://registry.npmjs.org/tslint-angular/-/tslint-angular-3.0.3.tgz",
      "integrity": "sha512-5xD1gLE89lBExfSbMslDw/ZfOZM0t0CJsoJa4svsgF7tlwVS3IpXjzNcNRN0RZqDBj+cdTlbeel6GpZ3PqpPiw=="
    }
  }
}
